// !$*UTF8*$!
{
	archiveVersion = 1;
	classes = {
	};
	objectVersion = 50;
	objects = {

/* Begin PBXBuildFile section */
		B20D06A5249A76900072C82E /* AppDelegate.swift in Sources */ = {isa = PBXBuildFile; fileRef = B20D06A4249A76900072C82E /* AppDelegate.swift */; };
		B20D06A7249A76900072C82E /* SceneDelegate.swift in Sources */ = {isa = PBXBuildFile; fileRef = B20D06A6249A76900072C82E /* SceneDelegate.swift */; };
		B20D06AC249A76900072C82E /* Main.storyboard in Resources */ = {isa = PBXBuildFile; fileRef = B20D06AA249A76900072C82E /* Main.storyboard */; };
		B20D06AE249A76920072C82E /* Assets.xcassets in Resources */ = {isa = PBXBuildFile; fileRef = B20D06AD249A76920072C82E /* Assets.xcassets */; };
		B20D06B1249A76920072C82E /* LaunchScreen.storyboard in Resources */ = {isa = PBXBuildFile; fileRef = B20D06AF249A76920072C82E /* LaunchScreen.storyboard */; };
		B277A6FE249AD911007457FF /* FirstAnimationViewController.swift in Sources */ = {isa = PBXBuildFile; fileRef = B277A6FD249AD911007457FF /* FirstAnimationViewController.swift */; };
		B277A702249ADA68007457FF /* FirstAnimationTransitioningDelegate.swift in Sources */ = {isa = PBXBuildFile; fileRef = B277A701249ADA68007457FF /* FirstAnimationTransitioningDelegate.swift */; };
		B277A704249ADAFA007457FF /* FirstAnimationAnimatedTransitioning.swift in Sources */ = {isa = PBXBuildFile; fileRef = B277A703249ADAFA007457FF /* FirstAnimationAnimatedTransitioning.swift */; };
		B277A708249AE144007457FF /* FirstAnimationDetailViewController.swift in Sources */ = {isa = PBXBuildFile; fileRef = B277A706249AE144007457FF /* FirstAnimationDetailViewController.swift */; };
		B277A709249AE144007457FF /* FirstAnimationDetailViewController.xib in Resources */ = {isa = PBXBuildFile; fileRef = B277A707249AE144007457FF /* FirstAnimationDetailViewController.xib */; };
/* End PBXBuildFile section */

/* Begin PBXFileReference section */
		B20D06A1249A76900072C82E /* CustomViewControllersTransitions.app */ = {isa = PBXFileReference; explicitFileType = wrapper.application; includeInIndex = 0; path = CustomViewControllersTransitions.app; sourceTree = BUILT_PRODUCTS_DIR; };
		B20D06A4249A76900072C82E /* AppDelegate.swift */ = {isa = PBXFileReference; lastKnownFileType = sourcecode.swift; path = AppDelegate.swift; sourceTree = "<group>"; };
		B20D06A6249A76900072C82E /* SceneDelegate.swift */ = {isa = PBXFileReference; lastKnownFileType = sourcecode.swift; path = SceneDelegate.swift; sourceTree = "<group>"; };
		B20D06AB249A76900072C82E /* Base */ = {isa = PBXFileReference; lastKnownFileType = file.storyboard; name = Base; path = Base.lproj/Main.storyboard; sourceTree = "<group>"; };
		B20D06AD249A76920072C82E /* Assets.xcassets */ = {isa = PBXFileReference; lastKnownFileType = folder.assetcatalog; path = Assets.xcassets; sourceTree = "<group>"; };
		B20D06B0249A76920072C82E /* Base */ = {isa = PBXFileReference; lastKnownFileType = file.storyboard; name = Base; path = Base.lproj/LaunchScreen.storyboard; sourceTree = "<group>"; };
		B20D06B2249A76920072C82E /* Info.plist */ = {isa = PBXFileReference; lastKnownFileType = text.plist.xml; path = Info.plist; sourceTree = "<group>"; };
		B277A6FD249AD911007457FF /* FirstAnimationViewController.swift */ = {isa = PBXFileReference; lastKnownFileType = sourcecode.swift; path = FirstAnimationViewController.swift; sourceTree = "<group>"; };
		B277A701249ADA68007457FF /* FirstAnimationTransitioningDelegate.swift */ = {isa = PBXFileReference; lastKnownFileType = sourcecode.swift; path = FirstAnimationTransitioningDelegate.swift; sourceTree = "<group>"; };
		B277A703249ADAFA007457FF /* FirstAnimationAnimatedTransitioning.swift */ = {isa = PBXFileReference; lastKnownFileType = sourcecode.swift; path = FirstAnimationAnimatedTransitioning.swift; sourceTree = "<group>"; };
		B277A706249AE144007457FF /* FirstAnimationDetailViewController.swift */ = {isa = PBXFileReference; lastKnownFileType = sourcecode.swift; path = FirstAnimationDetailViewController.swift; sourceTree = "<group>"; };
		B277A707249AE144007457FF /* FirstAnimationDetailViewController.xib */ = {isa = PBXFileReference; lastKnownFileType = file.xib; path = FirstAnimationDetailViewController.xib; sourceTree = "<group>"; };
/* End PBXFileReference section */

/* Begin PBXFrameworksBuildPhase section */
		B20D069E249A76900072C82E /* Frameworks */ = {
			isa = PBXFrameworksBuildPhase;
			buildActionMask = 2147483647;
			files = (
			);
			runOnlyForDeploymentPostprocessing = 0;
		};
/* End PBXFrameworksBuildPhase section */

/* Begin PBXGroup section */
		B20D0698249A76900072C82E = {
			isa = PBXGroup;
			children = (
				B20D06A3249A76900072C82E /* CustomViewControllersTransitions */,
				B20D06A2249A76900072C82E /* Products */,
			);
			sourceTree = "<group>";
		};
		B20D06A2249A76900072C82E /* Products */ = {
			isa = PBXGroup;
			children = (
				B20D06A1249A76900072C82E /* CustomViewControllersTransitions.app */,
			);
			name = Products;
			sourceTree = "<group>";
		};
		B20D06A3249A76900072C82E /* CustomViewControllersTransitions */ = {
			isa = PBXGroup;
			children = (
				B277A6FF249ADA30007457FF /* Animations */,
				B277A6FC249AD8F4007457FF /* TabBarControllers */,
				B20D06A4249A76900072C82E /* AppDelegate.swift */,
				B20D06A6249A76900072C82E /* SceneDelegate.swift */,
				B20D06AA249A76900072C82E /* Main.storyboard */,
				B20D06AD249A76920072C82E /* Assets.xcassets */,
				B20D06AF249A76920072C82E /* LaunchScreen.storyboard */,
				B20D06B2249A76920072C82E /* Info.plist */,
			);
			path = CustomViewControllersTransitions;
			sourceTree = "<group>";
		};
		B277A6FC249AD8F4007457FF /* TabBarControllers */ = {
			isa = PBXGroup;
			children = (
				B277A6FD249AD911007457FF /* FirstAnimationViewController.swift */,
			);
			path = TabBarControllers;
			sourceTree = "<group>";
		};
		B277A6FF249ADA30007457FF /* Animations */ = {
			isa = PBXGroup;
			children = (
				B277A700249ADA38007457FF /* FirstAnimation */,
			);
			path = Animations;
			sourceTree = "<group>";
		};
		B277A700249ADA38007457FF /* FirstAnimation */ = {
			isa = PBXGroup;
			children = (
				B277A705249AE114007457FF /* DetailViewController */,
				B277A701249ADA68007457FF /* FirstAnimationTransitioningDelegate.swift */,
				B277A703249ADAFA007457FF /* FirstAnimationAnimatedTransitioning.swift */,
			);
			path = FirstAnimation;
			sourceTree = "<group>";
		};
		B277A705249AE114007457FF /* DetailViewController */ = {
			isa = PBXGroup;
			children = (
				B277A706249AE144007457FF /* FirstAnimationDetailViewController.swift */,
				B277A707249AE144007457FF /* FirstAnimationDetailViewController.xib */,
			);
			path = DetailViewController;
			sourceTree = "<group>";
		};
/* End PBXGroup section */

/* Begin PBXNativeTarget section */
		B20D06A0249A76900072C82E /* CustomViewControllersTransitions */ = {
			isa = PBXNativeTarget;
			buildConfigurationList = B20D06B5249A76920072C82E /* Build configuration list for PBXNativeTarget "CustomViewControllersTransitions" */;
			buildPhases = (
				B20D069D249A76900072C82E /* Sources */,
				B20D069E249A76900072C82E /* Frameworks */,
				B20D069F249A76900072C82E /* Resources */,
			);
			buildRules = (
			);
			dependencies = (
			);
			name = CustomViewControllersTransitions;
			productName = CustomViewControllersTransitions;
			productReference = B20D06A1249A76900072C82E /* CustomViewControllersTransitions.app */;
			productType = "com.apple.product-type.application";
		};
/* End PBXNativeTarget section */

/* Begin PBXProject section */
		B20D0699249A76900072C82E /* Project object */ = {
			isa = PBXProject;
			attributes = {
				LastSwiftUpdateCheck = 1130;
				LastUpgradeCheck = 1130;
				ORGANIZATIONNAME = "JCS Development";
				TargetAttributes = {
					B20D06A0249A76900072C82E = {
						CreatedOnToolsVersion = 11.3.1;
					};
				};
			};
			buildConfigurationList = B20D069C249A76900072C82E /* Build configuration list for PBXProject "CustomViewControllersTransitions" */;
			compatibilityVersion = "Xcode 9.3";
			developmentRegion = en;
			hasScannedForEncodings = 0;
			knownRegions = (
				en,
				Base,
			);
			mainGroup = B20D0698249A76900072C82E;
			productRefGroup = B20D06A2249A76900072C82E /* Products */;
			projectDirPath = "";
			projectRoot = "";
			targets = (
				B20D06A0249A76900072C82E /* CustomViewControllersTransitions */,
			);
		};
/* End PBXProject section */

/* Begin PBXResourcesBuildPhase section */
		B20D069F249A76900072C82E /* Resources */ = {
			isa = PBXResourcesBuildPhase;
			buildActionMask = 2147483647;
			files = (
				B20D06B1249A76920072C82E /* LaunchScreen.storyboard in Resources */,
				B277A709249AE144007457FF /* FirstAnimationDetailViewController.xib in Resources */,
				B20D06AE249A76920072C82E /* Assets.xcassets in Resources */,
				B20D06AC249A76900072C82E /* Main.storyboard in Resources */,
			);
			runOnlyForDeploymentPostprocessing = 0;
		};
/* End PBXResourcesBuildPhase section */

/* Begin PBXSourcesBuildPhase section */
		B20D069D249A76900072C82E /* Sources */ = {
			isa = PBXSourcesBuildPhase;
			buildActionMask = 2147483647;
			files = (
				B277A702249ADA68007457FF /* FirstAnimationTransitioningDelegate.swift in Sources */,
				B20D06A5249A76900072C82E /* AppDelegate.swift in Sources */,
				B277A704249ADAFA007457FF /* FirstAnimationAnimatedTransitioning.swift in Sources */,
				B277A708249AE144007457FF /* FirstAnimationDetailViewController.swift in Sources */,
				B277A6FE249AD911007457FF /* FirstAnimationViewController.swift in Sources */,
				B20D06A7249A76900072C82E /* SceneDelegate.swift in Sources */,
			);
			runOnlyForDeploymentPostprocessing = 0;
		};
/* End PBXSourcesBuildPhase section */

/* Begin PBXVariantGroup section */
		B20D06AA249A76900072C82E /* Main.storyboard */ = {
			isa = PBXVariantGroup;
			children = (
				B20D06AB249A76900072C82E /* Base */,
			);
			name = Main.storyboard;
			sourceTree = "<group>";
		};
		B20D06AF249A76920072C82E /* LaunchScreen.storyboard */ = {
			isa = PBXVariantGroup;
			children = (
				B20D06B0249A76920072C82E /* Base */,
			);
			name = LaunchScreen.storyboard;
			sourceTree = "<group>";
		};
/* End PBXVariantGroup section */

/* Begin XCBuildConfiguration section */
		B20D06B3249A76920072C82E /* Debug */ = {
			isa = XCBuildConfiguration;
			buildSettings = {
				ALWAYS_SEARCH_USER_PATHS = NO;
				CLANG_ANALYZER_NONNULL = YES;
				CLANG_ANALYZER_NUMBER_OBJECT_CONVERSION = YES_AGGRESSIVE;
				CLANG_CXX_LANGUAGE_STANDARD = "gnu++14";
				CLANG_CXX_LIBRARY = "libc++";
				CLANG_ENABLE_MODULES = YES;
				CLANG_ENABLE_OBJC_ARC = YES;
				CLANG_ENABLE_OBJC_WEAK = YES;
				CLANG_WARN_BLOCK_CAPTURE_AUTORELEASING = YES;
				CLANG_WARN_BOOL_CONVERSION = YES;
				CLANG_WARN_COMMA = YES;
				CLANG_WARN_CONSTANT_CONVERSION = YES;
				CLANG_WARN_DEPRECATED_OBJC_IMPLEMENTATIONS = YES;
				CLANG_WARN_DIRECT_OBJC_ISA_USAGE = YES_ERROR;
				CLANG_WARN_DOCUMENTATION_COMMENTS = YES;
				CLANG_WARN_EMPTY_BODY = YES;
				CLANG_WARN_ENUM_CONVERSION = YES;
				CLANG_WARN_INFINITE_RECURSION = YES;
				CLANG_WARN_INT_CONVERSION = YES;
				CLANG_WARN_NON_LITERAL_NULL_CONVERSION = YES;
				CLANG_WARN_OBJC_IMPLICIT_RETAIN_SELF = YES;
				CLANG_WARN_OBJC_LITERAL_CONVERSION = YES;
				CLANG_WARN_OBJC_ROOT_CLASS = YES_ERROR;
				CLANG_WARN_RANGE_LOOP_ANALYSIS = YES;
				CLANG_WARN_STRICT_PROTOTYPES = YES;
				CLANG_WARN_SUSPICIOUS_MOVE = YES;
				CLANG_WARN_UNGUARDED_AVAILABILITY = YES_AGGRESSIVE;
				CLANG_WARN_UNREACHABLE_CODE = YES;
				CLANG_WARN__DUPLICATE_METHOD_MATCH = YES;
				COPY_PHASE_STRIP = NO;
				DEBUG_INFORMATION_FORMAT = dwarf;
				ENABLE_STRICT_OBJC_MSGSEND = YES;
				ENABLE_TESTABILITY = YES;
				GCC_C_LANGUAGE_STANDARD = gnu11;
				GCC_DYNAMIC_NO_PIC = NO;
				GCC_NO_COMMON_BLOCKS = YES;
				GCC_OPTIMIZATION_LEVEL = 0;
				GCC_PREPROCESSOR_DEFINITIONS = (
					"DEBUG=1",
					"$(inherited)",
				);
				GCC_WARN_64_TO_32_BIT_CONVERSION = YES;
				GCC_WARN_ABOUT_RETURN_TYPE = YES_ERROR;
				GCC_WARN_UNDECLARED_SELECTOR = YES;
				GCC_WARN_UNINITIALIZED_AUTOS = YES_AGGRESSIVE;
				GCC_WARN_UNUSED_FUNCTION = YES;
				GCC_WARN_UNUSED_VARIABLE = YES;
				IPHONEOS_DEPLOYMENT_TARGET = 13.2;
				MTL_ENABLE_DEBUG_INFO = INCLUDE_SOURCE;
				MTL_FAST_MATH = YES;
				ONLY_ACTIVE_ARCH = YES;
				SDKROOT = iphoneos;
				SWIFT_ACTIVE_COMPILATION_CONDITIONS = DEBUG;
				SWIFT_OPTIMIZATION_LEVEL = "-Onone";
			};
			name = Debug;
		};
		B20D06B4249A76920072C82E /* Release */ = {
			isa = XCBuildConfiguration;
			buildSettings = {
				ALWAYS_SEARCH_USER_PATHS = NO;
				CLANG_ANALYZER_NONNULL = YES;
				CLANG_ANALYZER_NUMBER_OBJECT_CONVERSION = YES_AGGRESSIVE;
				CLANG_CXX_LANGUAGE_STANDARD = "gnu++14";
				CLANG_CXX_LIBRARY = "libc++";
				CLANG_ENABLE_MODULES = YES;
				CLANG_ENABLE_OBJC_ARC = YES;
				CLANG_ENABLE_OBJC_WEAK = YES;
				CLANG_WARN_BLOCK_CAPTURE_AUTORELEASING = YES;
				CLANG_WARN_BOOL_CONVERSION = YES;
				CLANG_WARN_COMMA = YES;
				CLANG_WARN_CONSTANT_CONVERSION = YES;
				CLANG_WARN_DEPRECATED_OBJC_IMPLEMENTATIONS = YES;
				CLANG_WARN_DIRECT_OBJC_ISA_USAGE = YES_ERROR;
				CLANG_WARN_DOCUMENTATION_COMMENTS = YES;
				CLANG_WARN_EMPTY_BODY = YES;
				CLANG_WARN_ENUM_CONVERSION = YES;
				CLANG_WARN_INFINITE_RECURSION = YES;
				CLANG_WARN_INT_CONVERSION = YES;
				CLANG_WARN_NON_LITERAL_NULL_CONVERSION = YES;
				CLANG_WARN_OBJC_IMPLICIT_RETAIN_SELF = YES;
				CLANG_WARN_OBJC_LITERAL_CONVERSION = YES;
				CLANG_WARN_OBJC_ROOT_CLASS = YES_ERROR;
				CLANG_WARN_RANGE_LOOP_ANALYSIS = YES;
				CLANG_WARN_STRICT_PROTOTYPES = YES;
				CLANG_WARN_SUSPICIOUS_MOVE = YES;
				CLANG_WARN_UNGUARDED_AVAILABILITY = YES_AGGRESSIVE;
				CLANG_WARN_UNREACHABLE_CODE = YES;
				CLANG_WARN__DUPLICATE_METHOD_MATCH = YES;
				COPY_PHASE_STRIP = NO;
				DEBUG_INFORMATION_FORMAT = "dwarf-with-dsym";
				ENABLE_NS_ASSERTIONS = NO;
				ENABLE_STRICT_OBJC_MSGSEND = YES;
				GCC_C_LANGUAGE_STANDARD = gnu11;
				GCC_NO_COMMON_BLOCKS = YES;
				GCC_WARN_64_TO_32_BIT_CONVERSION = YES;
				GCC_WARN_ABOUT_RETURN_TYPE = YES_ERROR;
				GCC_WARN_UNDECLARED_SELECTOR = YES;
				GCC_WARN_UNINITIALIZED_AUTOS = YES_AGGRESSIVE;
				GCC_WARN_UNUSED_FUNCTION = YES;
				GCC_WARN_UNUSED_VARIABLE = YES;
				IPHONEOS_DEPLOYMENT_TARGET = 13.2;
				MTL_ENABLE_DEBUG_INFO = NO;
				MTL_FAST_MATH = YES;
				SDKROOT = iphoneos;
				SWIFT_COMPILATION_MODE = wholemodule;
				SWIFT_OPTIMIZATION_LEVEL = "-O";
				VALIDATE_PRODUCT = YES;
			};
			name = Release;
		};
		B20D06B6249A76920072C82E /* Debug */ = {
			isa = XCBuildConfiguration;
			buildSettings = {
				ASSETCATALOG_COMPILER_APPICON_NAME = AppIcon;
				CODE_SIGN_STYLE = Automatic;
				DEVELOPMENT_TEAM = WSP8L686Z2;
				INFOPLIST_FILE = CustomViewControllersTransitions/Info.plist;
				LD_RUNPATH_SEARCH_PATHS = (
					"$(inherited)",
					"@executable_path/Frameworks",
				);
				PRODUCT_BUNDLE_IDENTIFIER = com.test.CustomViewControllersTransitions;
				PRODUCT_NAME = "$(TARGET_NAME)";
				SWIFT_VERSION = 5.0;
				TARGETED_DEVICE_FAMILY = "1,2";
			};
			name = Debug;
		};
		B20D06B7249A76920072C82E /* Release */ = {
			isa = XCBuildConfiguration;
			buildSettings = {
				ASSETCATALOG_COMPILER_APPICON_NAME = AppIcon;
				CODE_SIGN_STYLE = Automatic;
				DEVELOPMENT_TEAM = WSP8L686Z2;
				INFOPLIST_FILE = CustomViewControllersTransitions/Info.plist;
				LD_RUNPATH_SEARCH_PATHS = (
					"$(inherited)",
					"@executable_path/Frameworks",
				);
				PRODUCT_BUNDLE_IDENTIFIER = com.test.CustomViewControllersTransitions;
				PRODUCT_NAME = "$(TARGET_NAME)";
				SWIFT_VERSION = 5.0;
				TARGETED_DEVICE_FAMILY = "1,2";
			};
			name = Release;
		};
/* End XCBuildConfiguration section */

/* Begin XCConfigurationList section */
		B20D069C249A76900072C82E /* Build configuration list for PBXProject "CustomViewControllersTransitions" */ = {
			isa = XCConfigurationList;
			buildConfigurations = (
				B20D06B3249A76920072C82E /* Debug */,
				B20D06B4249A76920072C82E /* Release */,
			);
			defaultConfigurationIsVisible = 0;
			defaultConfigurationName = Release;
		};
		B20D06B5249A76920072C82E /* Build configuration list for PBXNativeTarget "CustomViewControllersTransitions" */ = {
			isa = XCConfigurationList;
			buildConfigurations = (
				B20D06B6249A76920072C82E /* Debug */,
				B20D06B7249A76920072C82E /* Release */,
			);
			defaultConfigurationIsVisible = 0;
			defaultConfigurationName = Release;
		};
/* End XCConfigurationList section */
	};
	rootObject = B20D0699249A76900072C82E /* Project object */;
}
